
Microsoft Visual Studio Solution File, Format Version 12.00
# Visual Studio 15
VisualStudioVersion = 15.0.27428.1
MinimumVisualStudioVersion = 10.0.40219.1
Project("{FAE04EC0-301F-11D3-BF4B-00C04F79EFBC}") = "NaklejkaRozdzielnia", "NaklejkaRozdzielnia\NaklejkaRozdzielnia.csproj", "{FFAA614C-6C1E-48B2-96E9-278C6AE4F69D}"
EndProject
Global
	GlobalSection(SolutionConfigurationPlatforms) = preSolution
		Debug|Any CPU = Debug|Any CPU
		Release|Any CPU = Release|Any CPU
	EndGlobalSection
	GlobalSection(ProjectConfigurationPlatforms) = postSolution
		{FFAA614C-6C1E-48B2-96E9-278C6AE4F69D}.Debug|Any CPU.ActiveCfg = Debug|Any CPU
		{FFAA614C-6C1E-48B2-96E9-278C6AE4F69D}.Debug|Any CPU.Build.0 = Debug|Any CPU
		{FFAA614C-6C1E-48B2-96E9-278C6AE4F69D}.Release|Any CPU.ActiveCfg = Release|Any CPU
		{FFAA614C-6C1E-48B2-96E9-278C6AE4F69D}.Release|Any CPU.Build.0 = Release|Any CPU
	EndGlobalSection
	GlobalSection(SolutionProperties) = preSolution
		HideSolutionNode = FALSE
	EndGlobalSection
	GlobalSection(ExtensibilityGlobals) = postSolution
		SolutionGuid = {C18AB313-A820-4A0E-AA5D-D8880D9BB9C5}
	EndGlobalSection
EndGlobal
